hash: 72c2fbdf3f0cd1b47dddef28535e6680609b43da7a6e9fbc19927bc5543098e8
updated: 2016-04-20T16:00:37.066391737+03:00
imports:
- name: github.com/c4milo/unzipit
  version: 339618fad77ac6102721ba322bc1b1d678083520
- name: github.com/marvell/csvutil
  version: 229884256366acfb1582688659b1657e0d0c5200
- name: github.com/marvell/downloader
  version: 6be4d131a0f2f3e01b3d29e698ebfb2ee03e1290
- name: github.com/palantir/stacktrace
  version: 5a74c62b11cfd8b2cb9374c785dd965d9a2b4e53
  subpackages:
  - cleanpath
devImports: []
